
Microsoft Visual Studio Solution File, Format Version 10.00
# Visual Studio 2008
Project("{FAE04EC0-301F-11D3-BF4B-00C04F79EFBC}") = "Lucene.Linq.Demo", "src\Lucene.Linq.Demo\Lucene.Linq.Demo.csproj", "{9338AA2A-D8C7-4AB3-8D39-0C5832A95097}"
EndProject
Project("{FAE04EC0-301F-11D3-BF4B-00C04F79EFBC}") = "Lucene.Linq.Demo2", "src\Lucene.Linq.Demo2\Lucene.Linq.Demo2.csproj", "{659B9102-1D02-4880-8329-469BF29D4BB1}"
EndProject
Global
	GlobalSection(SolutionConfigurationPlatforms) = preSolution
		Debug|Any CPU = Debug|Any CPU
		Release|Any CPU = Release|Any CPU
	EndGlobalSection
	GlobalSection(ProjectConfigurationPlatforms) = postSolution
		{9338AA2A-D8C7-4AB3-8D39-0C5832A95097}.Debug|Any CPU.ActiveCfg = Debug|Any CPU
		{9338AA2A-D8C7-4AB3-8D39-0C5832A95097}.Debug|Any CPU.Build.0 = Debug|Any CPU
		{9338AA2A-D8C7-4AB3-8D39-0C5832A95097}.Release|Any CPU.ActiveCfg = Release|Any CPU
		{9338AA2A-D8C7-4AB3-8D39-0C5832A95097}.Release|Any CPU.Build.0 = Release|Any CPU
		{659B9102-1D02-4880-8329-469BF29D4BB1}.Debug|Any CPU.ActiveCfg = Debug|Any CPU
		{659B9102-1D02-4880-8329-469BF29D4BB1}.Debug|Any CPU.Build.0 = Debug|Any CPU
		{659B9102-1D02-4880-8329-469BF29D4BB1}.Release|Any CPU.ActiveCfg = Release|Any CPU
		{659B9102-1D02-4880-8329-469BF29D4BB1}.Release|Any CPU.Build.0 = Release|Any CPU
	EndGlobalSection
	GlobalSection(SolutionProperties) = preSolution
		HideSolutionNode = FALSE
	EndGlobalSection
EndGlobal
